// !$*UTF8*$!
{
	archiveVersion = 1;
	classes = {
	};
	objectVersion = 46;
	objects = {

/* Begin PBXBuildFile section */
		7D21B05B1D582CD800254790 /* AppDelegate.swift in Sources */ = {isa = PBXBuildFile; fileRef = 7D21B05A1D582CD800254790 /* AppDelegate.swift */; };
		7D21B05D1D582CD800254790 /* ViewController.swift in Sources */ = {isa = PBXBuildFile; fileRef = 7D21B05C1D582CD800254790 /* ViewController.swift */; };
		7D21B0601D582CD800254790 /* Main.storyboard in Resources */ = {isa = PBXBuildFile; fileRef = 7D21B05E1D582CD800254790 /* Main.storyboard */; };
		7D21B0621D582CD800254790 /* Assets.xcassets in Resources */ = {isa = PBXBuildFile; fileRef = 7D21B0611D582CD800254790 /* Assets.xcassets */; };
		7D21B0651D582CD800254790 /* LaunchScreen.storyboard in Resources */ = {isa = PBXBuildFile; fileRef = 7D21B0631D582CD800254790 /* LaunchScreen.storyboard */; };
		7D21B0701D582CD800254790 /* LXTKitTests.swift in Sources */ = {isa = PBXBuildFile; fileRef = 7D21B06F1D582CD800254790 /* LXTKitTests.swift */; };
		7D21B07B1D582CD800254790 /* LXTKitUITests.swift in Sources */ = {isa = PBXBuildFile; fileRef = 7D21B07A1D582CD800254790 /* LXTKitUITests.swift */; };
/* End PBXBuildFile section */

/* Begin PBXContainerItemProxy section */
		7D21B06C1D582CD800254790 /* PBXContainerItemProxy */ = {
			isa = PBXContainerItemProxy;
			containerPortal = 7D21B04F1D582CD800254790 /* Project object */;
			proxyType = 1;
			remoteGlobalIDString = 7D21B0561D582CD800254790;
			remoteInfo = LXTKit;
		};
		7D21B0771D582CD800254790 /* PBXContainerItemProxy */ = {
			isa = PBXContainerItemProxy;
			containerPortal = 7D21B04F1D582CD800254790 /* Project object */;
			proxyType = 1;
			remoteGlobalIDString = 7D21B0561D582CD800254790;
			remoteInfo = LXTKit;
		};
/* End PBXContainerItemProxy section */

/* Begin PBXFileReference section */
		7D21B0571D582CD800254790 /* LXTKit.app */ = {isa = PBXFileReference; explicitFileType = wrapper.application; includeInIndex = 0; path = LXTKit.app; sourceTree = BUILT_PRODUCTS_DIR; };
		7D21B05A1D582CD800254790 /* AppDelegate.swift */ = {isa = PBXFileReference; lastKnownFileType = sourcecode.swift; path = AppDelegate.swift; sourceTree = "<group>"; };
		7D21B05C1D582CD800254790 /* ViewController.swift */ = {isa = PBXFileReference; lastKnownFileType = sourcecode.swift; path = ViewController.swift; sourceTree = "<group>"; };
		7D21B05F1D582CD800254790 /* Base */ = {isa = PBXFileReference; lastKnownFileType = file.storyboard; name = Base; path = Base.lproj/Main.storyboard; sourceTree = "<group>"; };
		7D21B0611D582CD800254790 /* Assets.xcassets */ = {isa = PBXFileReference; lastKnownFileType = folder.assetcatalog; path = Assets.xcassets; sourceTree = "<group>"; };
		7D21B0641D582CD800254790 /* Base */ = {isa = PBXFileReference; lastKnownFileType = file.storyboard; name = Base; path = Base.lproj/LaunchScreen.storyboard; sourceTree = "<group>"; };
		7D21B0661D582CD800254790 /* Info.plist */ = {isa = PBXFileReference; lastKnownFileType = text.plist.xml; path = Info.plist; sourceTree = "<group>"; };
		7D21B06B1D582CD800254790 /* LXTKitTests.xctest */ = {isa = PBXFileReference; explicitFileType = wrapper.cfbundle; includeInIndex = 0; path = LXTKitTests.xctest; sourceTree = BUILT_PRODUCTS_DIR; };
		7D21B06F1D582CD800254790 /* LXTKitTests.swift */ = {isa = PBXFileReference; lastKnownFileType = sourcecode.swift; path = LXTKitTests.swift; sourceTree = "<group>"; };
		7D21B0711D582CD800254790 /* Info.plist */ = {isa = PBXFileReference; lastKnownFileType = text.plist.xml; path = Info.plist; sourceTree = "<group>"; };
		7D21B0761D582CD800254790 /* LXTKitUITests.xctest */ = {isa = PBXFileReference; explicitFileType = wrapper.cfbundle; includeInIndex = 0; path = LXTKitUITests.xctest; sourceTree = BUILT_PRODUCTS_DIR; };
		7D21B07A1D582CD800254790 /* LXTKitUITests.swift */ = {isa = PBXFileReference; lastKnownFileType = sourcecode.swift; path = LXTKitUITests.swift; sourceTree = "<group>"; };
		7D21B07C1D582CD800254790 /* Info.plist */ = {isa = PBXFileReference; lastKnownFileType = text.plist.xml; path = Info.plist; sourceTree = "<group>"; };
/* End PBXFileReference section */

/* Begin PBXFrameworksBuildPhase section */
		7D21B0541D582CD800254790 /* Frameworks */ = {
			isa = PBXFrameworksBuildPhase;
			buildActionMask = 2147483647;
			files = (
			);
			runOnlyForDeploymentPostprocessing = 0;
		};
		7D21B0681D582CD800254790 /* Frameworks */ = {
			isa = PBXFrameworksBuildPhase;
			buildActionMask = 2147483647;
			files = (
			);
			runOnlyForDeploymentPostprocessing = 0;
		};
		7D21B0731D582CD800254790 /* Frameworks */ = {
			isa = PBXFrameworksBuildPhase;
			buildActionMask = 2147483647;
			files = (
			);
			runOnlyForDeploymentPostprocessing = 0;
		};
/* End PBXFrameworksBuildPhase section */

/* Begin PBXGroup section */
		7D21B04E1D582CD800254790 = {
			isa = PBXGroup;
			children = (
				7D21B0591D582CD800254790 /* LXTKit */,
				7D21B06E1D582CD800254790 /* LXTKitTests */,
				7D21B0791D582CD800254790 /* LXTKitUITests */,
				7D21B0581D582CD800254790 /* Products */,
			);
			sourceTree = "<group>";
		};
		7D21B0581D582CD800254790 /* Products */ = {
			isa = PBXGroup;
			children = (
				7D21B0571D582CD800254790 /* LXTKit.app */,
				7D21B06B1D582CD800254790 /* LXTKitTests.xctest */,
				7D21B0761D582CD800254790 /* LXTKitUITests.xctest */,
			);
			name = Products;
			sourceTree = "<group>";
		};
		7D21B0591D582CD800254790 /* LXTKit */ = {
			isa = PBXGroup;
			children = (
				7D21B05A1D582CD800254790 /* AppDelegate.swift */,
				7D21B05C1D582CD800254790 /* ViewController.swift */,
				7D21B05E1D582CD800254790 /* Main.storyboard */,
				7D21B0611D582CD800254790 /* Assets.xcassets */,
				7D21B0631D582CD800254790 /* LaunchScreen.storyboard */,
				7D21B0661D582CD800254790 /* Info.plist */,
			);
			path = LXTKit;
			sourceTree = "<group>";
		};
		7D21B06E1D582CD800254790 /* LXTKitTests */ = {
			isa = PBXGroup;
			children = (
				7D21B06F1D582CD800254790 /* LXTKitTests.swift */,
				7D21B0711D582CD800254790 /* Info.plist */,
			);
			path = LXTKitTests;
			sourceTree = "<group>";
		};
		7D21B0791D582CD800254790 /* LXTKitUITests */ = {
			isa = PBXGroup;
			children = (
				7D21B07A1D582CD800254790 /* LXTKitUITests.swift */,
				7D21B07C1D582CD800254790 /* Info.plist */,
			);
			path = LXTKitUITests;
			sourceTree = "<group>";
		};
/* End PBXGroup section */

/* Begin PBXNativeTarget section */
		7D21B0561D582CD800254790 /* LXTKit */ = {
			isa = PBXNativeTarget;
			buildConfigurationList = 7D21B07F1D582CD800254790 /* Build configuration list for PBXNativeTarget "LXTKit" */;
			buildPhases = (
				7D21B0531D582CD800254790 /* Sources */,
				7D21B0541D582CD800254790 /* Frameworks */,
				7D21B0551D582CD800254790 /* Resources */,
			);
			buildRules = (
			);
			dependencies = (
			);
			name = LXTKit;
			productName = LXTKit;
			productReference = 7D21B0571D582CD800254790 /* LXTKit.app */;
			productType = "com.apple.product-type.application";
		};
		7D21B06A1D582CD800254790 /* LXTKitTests */ = {
			isa = PBXNativeTarget;
			buildConfigurationList = 7D21B0821D582CD800254790 /* Build configuration list for PBXNativeTarget "LXTKitTests" */;
			buildPhases = (
				7D21B0671D582CD800254790 /* Sources */,
				7D21B0681D582CD800254790 /* Frameworks */,
				7D21B0691D582CD800254790 /* Resources */,
			);
			buildRules = (
			);
			dependencies = (
				7D21B06D1D582CD800254790 /* PBXTargetDependency */,
			);
			name = LXTKitTests;
			productName = LXTKitTests;
			productReference = 7D21B06B1D582CD800254790 /* LXTKitTests.xctest */;
			productType = "com.apple.product-type.bundle.unit-test";
		};
		7D21B0751D582CD800254790 /* LXTKitUITests */ = {
			isa = PBXNativeTarget;
			buildConfigurationList = 7D21B0851D582CD800254790 /* Build configuration list for PBXNativeTarget "LXTKitUITests" */;
			buildPhases = (
				7D21B0721D582CD800254790 /* Sources */,
				7D21B0731D582CD800254790 /* Frameworks */,
				7D21B0741D582CD800254790 /* Resources */,
			);
			buildRules = (
			);
			dependencies = (
				7D21B0781D582CD800254790 /* PBXTargetDependency */,
			);
			name = LXTKitUITests;
			productName = LXTKitUITests;
			productReference = 7D21B0761D582CD800254790 /* LXTKitUITests.xctest */;
			productType = "com.apple.product-type.bundle.ui-testing";
		};
/* End PBXNativeTarget section */

/* Begin PBXProject section */
		7D21B04F1D582CD800254790 /* Project object */ = {
			isa = PBXProject;
			attributes = {
				LastSwiftUpdateCheck = 0730;
				LastUpgradeCheck = 0730;
				ORGANIZATIONNAME = Ltf;
				TargetAttributes = {
					7D21B0561D582CD800254790 = {
						CreatedOnToolsVersion = 7.3.1;
					};
					7D21B06A1D582CD800254790 = {
						CreatedOnToolsVersion = 7.3.1;
						TestTargetID = 7D21B0561D582CD800254790;
					};
					7D21B0751D582CD800254790 = {
						CreatedOnToolsVersion = 7.3.1;
						TestTargetID = 7D21B0561D582CD800254790;
					};
				};
			};
			buildConfigurationList = 7D21B0521D582CD800254790 /* Build configuration list for PBXProject "LXTKit" */;
			compatibilityVersion = "Xcode 3.2";
			developmentRegion = English;
			hasScannedForEncodings = 0;
			knownRegions = (
				en,
				Base,
			);
			mainGroup = 7D21B04E1D582CD800254790;
			productRefGroup = 7D21B0581D582CD800254790 /* Products */;
			projectDirPath = "";
			projectRoot = "";
			targets = (
				7D21B0561D582CD800254790 /* LXTKit */,
				7D21B06A1D582CD800254790 /* LXTKitTests */,
				7D21B0751D582CD800254790 /* LXTKitUITests */,
			);
		};
/* End PBXProject section */

/* Begin PBXResourcesBuildPhase section */
		7D21B0551D582CD800254790 /* Resources */ = {
			isa = PBXResourcesBuildPhase;
			buildActionMask = 2147483647;
			files = (
				7D21B0651D582CD800254790 /* LaunchScreen.storyboard in Resources */,
				7D21B0621D582CD800254790 /* Assets.xcassets in Resources */,
				7D21B0601D582CD800254790 /* Main.storyboard in Resources */,
			);
			runOnlyForDeploymentPostprocessing = 0;
		};
		7D21B0691D582CD800254790 /* Resources */ = {
			isa = PBXResourcesBuildPhase;
			buildActionMask = 2147483647;
			files = (
			);
			runOnlyForDeploymentPostprocessing = 0;
		};
		7D21B0741D582CD800254790 /* Resources */ = {
			isa = PBXResourcesBuildPhase;
			buildActionMask = 2147483647;
			files = (
			);
			runOnlyForDeploymentPostprocessing = 0;
		};
/* End PBXResourcesBuildPhase section */

/* Begin PBXSourcesBuildPhase section */
		7D21B0531D582CD800254790 /* Sources */ = {
			isa = PBXSourcesBuildPhase;
			buildActionMask = 2147483647;
			files = (
				7D21B05D1D582CD800254790 /* ViewController.swift in Sources */,
				7D21B05B1D582CD800254790 /* AppDelegate.swift in Sources */,
			);
			runOnlyForDeploymentPostprocessing = 0;
		};
		7D21B0671D582CD800254790 /* Sources */ = {
			isa = PBXSourcesBuildPhase;
			buildActionMask = 2147483647;
			files = (
				7D21B0701D582CD800254790 /* LXTKitTests.swift in Sources */,
			);
			runOnlyForDeploymentPostprocessing = 0;
		};
		7D21B0721D582CD800254790 /* Sources */ = {
			isa = PBXSourcesBuildPhase;
			buildActionMask = 2147483647;
			files = (
				7D21B07B1D582CD800254790 /* LXTKitUITests.swift in Sources */,
			);
			runOnlyForDeploymentPostprocessing = 0;
		};
/* End PBXSourcesBuildPhase section */

/* Begin PBXTargetDependency section */
		7D21B06D1D582CD800254790 /* PBXTargetDependency */ = {
			isa = PBXTargetDependency;
			target = 7D21B0561D582CD800254790 /* LXTKit */;
			targetProxy = 7D21B06C1D582CD800254790 /* PBXContainerItemProxy */;
		};
		7D21B0781D582CD800254790 /* PBXTargetDependency */ = {
			isa = PBXTargetDependency;
			target = 7D21B0561D582CD800254790 /* LXTKit */;
			targetProxy = 7D21B0771D582CD800254790 /* PBXContainerItemProxy */;
		};
/* End PBXTargetDependency section */

/* Begin PBXVariantGroup section */
		7D21B05E1D582CD800254790 /* Main.storyboard */ = {
			isa = PBXVariantGroup;
			children = (
				7D21B05F1D582CD800254790 /* Base */,
			);
			name = Main.storyboard;
			sourceTree = "<group>";
		};
		7D21B0631D582CD800254790 /* LaunchScreen.storyboard */ = {
			isa = PBXVariantGroup;
			children = (
				7D21B0641D582CD800254790 /* Base */,
			);
			name = LaunchScreen.storyboard;
			sourceTree = "<group>";
		};
/* End PBXVariantGroup section */

/* Begin XCBuildConfiguration section */
		7D21B07D1D582CD800254790 /* Debug */ = {
			isa = XCBuildConfiguration;
			buildSettings = {
				ALWAYS_SEARCH_USER_PATHS = NO;
				CLANG_ANALYZER_NONNULL = YES;
				CLANG_CXX_LANGUAGE_STANDARD = "gnu++0x";
				CLANG_CXX_LIBRARY = "libc++";
				CLANG_ENABLE_MODULES = YES;
				CLANG_ENABLE_OBJC_ARC = YES;
				CLANG_WARN_BOOL_CONVERSION = YES;
				CLANG_WARN_CONSTANT_CONVERSION = YES;
				CLANG_WARN_DIRECT_OBJC_ISA_USAGE = YES_ERROR;
				CLANG_WARN_EMPTY_BODY = YES;
				CLANG_WARN_ENUM_CONVERSION = YES;
				CLANG_WARN_INT_CONVERSION = YES;
				CLANG_WARN_OBJC_ROOT_CLASS = YES_ERROR;
				CLANG_WARN_UNREACHABLE_CODE = YES;
				CLANG_WARN__DUPLICATE_METHOD_MATCH = YES;
				"CODE_SIGN_IDENTITY[sdk=iphoneos*]" = "iPhone Developer";
				COPY_PHASE_STRIP = NO;
				DEBUG_INFORMATION_FORMAT = dwarf;
				ENABLE_STRICT_OBJC_MSGSEND = YES;
				ENABLE_TESTABILITY = YES;
				GCC_C_LANGUAGE_STANDARD = gnu99;
				GCC_DYNAMIC_NO_PIC = NO;
				GCC_NO_COMMON_BLOCKS = YES;
				GCC_OPTIMIZATION_LEVEL = 0;
				GCC_PREPROCESSOR_DEFINITIONS = (
					"DEBUG=1",
					"$(inherited)",
				);
				GCC_WARN_64_TO_32_BIT_CONVERSION = YES;
				GCC_WARN_ABOUT_RETURN_TYPE = YES_ERROR;
				GCC_WARN_UNDECLARED_SELECTOR = YES;
				GCC_WARN_UNINITIALIZED_AUTOS = YES_AGGRESSIVE;
				GCC_WARN_UNUSED_FUNCTION = YES;
				GCC_WARN_UNUSED_VARIABLE = YES;
				IPHONEOS_DEPLOYMENT_TARGET = 9.3;
				MTL_ENABLE_DEBUG_INFO = YES;
				ONLY_ACTIVE_ARCH = YES;
				SDKROOT = iphoneos;
				SWIFT_OPTIMIZATION_LEVEL = "-Onone";
				TARGETED_DEVICE_FAMILY = "1,2";
			};
			name = Debug;
		};
		7D21B07E1D582CD800254790 /* Release */ = {
			isa = XCBuildConfiguration;
			buildSettings = {
				ALWAYS_SEARCH_USER_PATHS = NO;
				CLANG_ANALYZER_NONNULL = YES;
				CLANG_CXX_LANGUAGE_STANDARD = "gnu++0x";
				CLANG_CXX_LIBRARY = "libc++";
				CLANG_ENABLE_MODULES = YES;
				CLANG_ENABLE_OBJC_ARC = YES;
				CLANG_WARN_BOOL_CONVERSION = YES;
				CLANG_WARN_CONSTANT_CONVERSION = YES;
				CLANG_WARN_DIRECT_OBJC_ISA_USAGE = YES_ERROR;
				CLANG_WARN_EMPTY_BODY = YES;
				CLANG_WARN_ENUM_CONVERSION = YES;
				CLANG_WARN_INT_CONVERSION = YES;
				CLANG_WARN_OBJC_ROOT_CLASS = YES_ERROR;
				CLANG_WARN_UNREACHABLE_CODE = YES;
				CLANG_WARN__DUPLICATE_METHOD_MATCH = YES;
				"CODE_SIGN_IDENTITY[sdk=iphoneos*]" = "iPhone Developer";
				COPY_PHASE_STRIP = NO;
				DEBUG_INFORMATION_FORMAT = "dwarf-with-dsym";
				ENABLE_NS_ASSERTIONS = NO;
				ENABLE_STRICT_OBJC_MSGSEND = YES;
				GCC_C_LANGUAGE_STANDARD = gnu99;
				GCC_NO_COMMON_BLOCKS = YES;
				GCC_WARN_64_TO_32_BIT_CONVERSION = YES;
				GCC_WARN_ABOUT_RETURN_TYPE = YES_ERROR;
				GCC_WARN_UNDECLARED_SELECTOR = YES;
				GCC_WARN_UNINITIALIZED_AUTOS = YES_AGGRESSIVE;
				GCC_WARN_UNUSED_FUNCTION = YES;
				GCC_WARN_UNUSED_VARIABLE = YES;
				IPHONEOS_DEPLOYMENT_TARGET = 9.3;
				MTL_ENABLE_DEBUG_INFO = NO;
				SDKROOT = iphoneos;
				TARGETED_DEVICE_FAMILY = "1,2";
				VALIDATE_PRODUCT = YES;
			};
			name = Release;
		};
		7D21B0801D582CD800254790 /* Debug */ = {
			isa = XCBuildConfiguration;
			buildSettings = {
				ASSETCATALOG_COMPILER_APPICON_NAME = AppIcon;
				INFOPLIST_FILE = LXTKit/Info.plist;
				LD_RUNPATH_SEARCH_PATHS = "$(inherited) @executable_path/Frameworks";
				PRODUCT_BUNDLE_IDENTIFIER = com.lxtLover.LXTKit;
				PRODUCT_NAME = "$(TARGET_NAME)";
			};
			name = Debug;
		};
		7D21B0811D582CD800254790 /* Release */ = {
			isa = XCBuildConfiguration;
			buildSettings = {
				ASSETCATALOG_COMPILER_APPICON_NAME = AppIcon;
				INFOPLIST_FILE = LXTKit/Info.plist;
				LD_RUNPATH_SEARCH_PATHS = "$(inherited) @executable_path/Frameworks";
				PRODUCT_BUNDLE_IDENTIFIER = com.lxtLover.LXTKit;
				PRODUCT_NAME = "$(TARGET_NAME)";
			};
			name = Release;
		};
		7D21B0831D582CD800254790 /* Debug */ = {
			isa = XCBuildConfiguration;
			buildSettings = {
				BUNDLE_LOADER = "$(TEST_HOST)";
				INFOPLIST_FILE = LXTKitTests/Info.plist;
				LD_RUNPATH_SEARCH_PATHS = "$(inherited) @executable_path/Frameworks @loader_path/Frameworks";
				PRODUCT_BUNDLE_IDENTIFIER = com.lxtLover.LXTKitTests;
				PRODUCT_NAME = "$(TARGET_NAME)";
				TEST_HOST = "$(BUILT_PRODUCTS_DIR)/LXTKit.app/LXTKit";
			};
			name = Debug;
		};
		7D21B0841D582CD800254790 /* Release */ = {
			isa = XCBuildConfiguration;
			buildSettings = {
				BUNDLE_LOADER = "$(TEST_HOST)";
				INFOPLIST_FILE = LXTKitTests/Info.plist;
				LD_RUNPATH_SEARCH_PATHS = "$(inherited) @executable_path/Frameworks @loader_path/Frameworks";
				PRODUCT_BUNDLE_IDENTIFIER = com.lxtLover.LXTKitTests;
				PRODUCT_NAME = "$(TARGET_NAME)";
				TEST_HOST = "$(BUILT_PRODUCTS_DIR)/LXTKit.app/LXTKit";
			};
			name = Release;
		};
		7D21B0861D582CD800254790 /* Debug */ = {
			isa = XCBuildConfiguration;
			buildSettings = {
				INFOPLIST_FILE = LXTKitUITests/Info.plist;
				LD_RUNPATH_SEARCH_PATHS = "$(inherited) @executable_path/Frameworks @loader_path/Frameworks";
				PRODUCT_BUNDLE_IDENTIFIER = com.lxtLover.LXTKitUITests;
				PRODUCT_NAME = "$(TARGET_NAME)";
				TEST_TARGET_NAME = LXTKit;
			};
			name = Debug;
		};
		7D21B0871D582CD800254790 /* Release */ = {
			isa = XCBuildConfiguration;
			buildSettings = {
				INFOPLIST_FILE = LXTKitUITests/Info.plist;
				LD_RUNPATH_SEARCH_PATHS = "$(inherited) @executable_path/Frameworks @loader_path/Frameworks";
				PRODUCT_BUNDLE_IDENTIFIER = com.lxtLover.LXTKitUITests;
				PRODUCT_NAME = "$(TARGET_NAME)";
				TEST_TARGET_NAME = LXTKit;
			};
			name = Release;
		};
/* End XCBuildConfiguration section */

/* Begin XCConfigurationList section */
		7D21B0521D582CD800254790 /* Build configuration list for PBXProject "LXTKit" */ = {
			isa = XCConfigurationList;
			buildConfigurations = (
				7D21B07D1D582CD800254790 /* Debug */,
				7D21B07E1D582CD800254790 /* Release */,
			);
			defaultConfigurationIsVisible = 0;
			defaultConfigurationName = Release;
		};
		7D21B07F1D582CD800254790 /* Build configuration list for PBXNativeTarget "LXTKit" */ = {
			isa = XCConfigurationList;
			buildConfigurations = (
				7D21B0801D582CD800254790 /* Debug */,
				7D21B0811D582CD800254790 /* Release */,
			);
			defaultConfigurationIsVisible = 0;
		};
		7D21B0821D582CD800254790 /* Build configuration list for PBXNativeTarget "LXTKitTests" */ = {
			isa = XCConfigurationList;
			buildConfigurations = (
				7D21B0831D582CD800254790 /* Debug */,
				7D21B0841D582CD800254790 /* Release */,
			);
			defaultConfigurationIsVisible = 0;
		};
		7D21B0851D582CD800254790 /* Build configuration list for PBXNativeTarget "LXTKitUITests" */ = {
			isa = XCConfigurationList;
			buildConfigurations = (
				7D21B0861D582CD800254790 /* Debug */,
				7D21B0871D582CD800254790 /* Release */,
			);
			defaultConfigurationIsVisible = 0;
		};
/* End XCConfigurationList section */
	};
	rootObject = 7D21B04F1D582CD800254790 /* Project object */;
}
